{
  "name": "symphony",
  "version": "3.2.5",
  "lockfileVersion": 3,
  "requires": true,
  "packages": {
    "": {
      "name": "symphony",
      "version": "3.2.5",
      "workspaces": [
        "packages/symphony-actions",
        "packages/symphony-actions-test",
        "packages/symphony-collections",
        "packages/symphony-collections-test",
        "packages/symphony-input-choice",
        "packages/symphony-input-choice-test",
        "packages/symphony-input-core",
        "packages/symphony-input-core-test",
        "packages/symphony-input-dialog",
        "packages/symphony-input-dialog-test",
        "packages/symphony-input-finance",
        "packages/symphony-input-finance-test",
        "packages/symphony-input-number",
        "packages/symphony-input-number-test",
        "packages/symphony-input-phone",
        "packages/symphony-input-phone-test",
        "packages/symphony-input-sheet",
        "packages/symphony-input-sheet-test",
        "packages/symphony-input-text",
        "packages/symphony-input-text-test",
        "packages/symphony-list",
        "packages/symphony-list-test",
        "packages/symphony-paginator",
        "packages/symphony-paginator-test",
        "packages/symphony-selector",
        "packages/symphony-selector-test",
        "packages/symphony-table",
        "packages/symphony-table-test",
        "packages/symphony-visibility",
        "packages/symphony-visibility-test",
        "packages_imported/kevlar-core/3.2.5",
        "packages_imported/kommander-coroutines/3.2.5",
        "packages_imported/koncurrent-later-coroutines/3.2.5",
        "packages_imported/cinematic-scene-core/3.2.5",
        "packages_imported/keep-api/3.2.5",
        "packages_imported/kommander-core/3.2.5",
        "packages_imported/cinematic-live-test/3.2.5",
        "packages_imported/cinematic-live-core/3.2.5",
        "packages_imported/kollections-primitive/3.2.5",
        "packages_imported/koncurrent-later-core/3.2.5",
        "packages_imported/neat-validation/3.2.5",
        "packages_imported/lexi-console/3.2.5",
        "packages_imported/lexi-api/3.2.5",
        "packages_imported/kase-optional/3.2.5",
        "packages_imported/cinematic-live-kollections/3.2.5",
        "packages_imported/neat-formatting/3.2.5",
        "packages_imported/sim-core/3.2.5",
        "packages_imported/keep-mock/3.2.5",
        "packages_imported/kotlinx-interoperable-exports/3.2.5"
      ],
      "devDependencies": {}
    },
    "node_modules/cinematic-live-core": {
      "resolved": "packages_imported/cinematic-live-core/3.2.5",
      "link": true
    },
    "node_modules/cinematic-live-kollections": {
      "resolved": "packages_imported/cinematic-live-kollections/3.2.5",
      "link": true
    },
    "node_modules/cinematic-live-test": {
      "resolved": "packages_imported/cinematic-live-test/3.2.5",
      "link": true
    },
    "node_modules/cinematic-scene-core": {
      "resolved": "packages_imported/cinematic-scene-core/3.2.5",
      "link": true
    },
    "node_modules/kase-optional": {
      "resolved": "packages_imported/kase-optional/3.2.5",
      "link": true
    },
    "node_modules/keep-api": {
      "resolved": "packages_imported/keep-api/3.2.5",
      "link": true
    },
    "node_modules/keep-mock": {
      "resolved": "packages_imported/keep-mock/3.2.5",
      "link": true
    },
    "node_modules/kevlar-core": {
      "resolved": "packages_imported/kevlar-core/3.2.5",
      "link": true
    },
    "node_modules/kollections-primitive": {
      "resolved": "packages_imported/kollections-primitive/3.2.5",
      "link": true
    },
    "node_modules/kommander-core": {
      "resolved": "packages_imported/kommander-core/3.2.5",
      "link": true
    },
    "node_modules/kommander-coroutines": {
      "resolved": "packages_imported/kommander-coroutines/3.2.5",
      "link": true
    },
    "node_modules/koncurrent-later-core": {
      "resolved": "packages_imported/koncurrent-later-core/3.2.5",
      "link": true
    },
    "node_modules/koncurrent-later-coroutines": {
      "resolved": "packages_imported/koncurrent-later-coroutines/3.2.5",
      "link": true
    },
    "node_modules/kotlinx-interoperable-exports": {
      "resolved": "packages_imported/kotlinx-interoperable-exports/3.2.5",
      "link": true
    },
    "node_modules/lexi-api": {
      "resolved": "packages_imported/lexi-api/3.2.5",
      "link": true
    },
    "node_modules/lexi-console": {
      "resolved": "packages_imported/lexi-console/3.2.5",
      "link": true
    },
    "node_modules/neat-formatting": {
      "resolved": "packages_imported/neat-formatting/3.2.5",
      "link": true
    },
    "node_modules/neat-validation": {
      "resolved": "packages_imported/neat-validation/3.2.5",
      "link": true
    },
    "node_modules/sim-core": {
      "resolved": "packages_imported/sim-core/3.2.5",
      "link": true
    },
    "node_modules/symphony-actions": {
      "resolved": "packages/symphony-actions",
      "link": true
    },
    "node_modules/symphony-actions-test": {
      "resolved": "packages/symphony-actions-test",
      "link": true
    },
    "node_modules/symphony-collections": {
      "resolved": "packages/symphony-collections",
      "link": true
    },
    "node_modules/symphony-collections-test": {
      "resolved": "packages/symphony-collections-test",
      "link": true
    },
    "node_modules/symphony-input-choice": {
      "resolved": "packages/symphony-input-choice",
      "link": true
    },
    "node_modules/symphony-input-choice-test": {
      "resolved": "packages/symphony-input-choice-test",
      "link": true
    },
    "node_modules/symphony-input-core": {
      "resolved": "packages/symphony-input-core",
      "link": true
    },
    "node_modules/symphony-input-core-test": {
      "resolved": "packages/symphony-input-core-test",
      "link": true
    },
    "node_modules/symphony-input-dialog": {
      "resolved": "packages/symphony-input-dialog",
      "link": true
    },
    "node_modules/symphony-input-dialog-test": {
      "resolved": "packages/symphony-input-dialog-test",
      "link": true
    },
    "node_modules/symphony-input-finance": {
      "resolved": "packages/symphony-input-finance",
      "link": true
    },
    "node_modules/symphony-input-finance-test": {
      "resolved": "packages/symphony-input-finance-test",
      "link": true
    },
    "node_modules/symphony-input-number": {
      "resolved": "packages/symphony-input-number",
      "link": true
    },
    "node_modules/symphony-input-number-test": {
      "resolved": "packages/symphony-input-number-test",
      "link": true
    },
    "node_modules/symphony-input-phone": {
      "resolved": "packages/symphony-input-phone",
      "link": true
    },
    "node_modules/symphony-input-phone-test": {
      "resolved": "packages/symphony-input-phone-test",
      "link": true
    },
    "node_modules/symphony-input-sheet": {
      "resolved": "packages/symphony-input-sheet",
      "link": true
    },
    "node_modules/symphony-input-sheet-test": {
      "resolved": "packages/symphony-input-sheet-test",
      "link": true
    },
    "node_modules/symphony-input-text": {
      "resolved": "packages/symphony-input-text",
      "link": true
    },
    "node_modules/symphony-input-text-test": {
      "resolved": "packages/symphony-input-text-test",
      "link": true
    },
    "node_modules/symphony-list": {
      "resolved": "packages/symphony-list",
      "link": true
    },
    "node_modules/symphony-list-test": {
      "resolved": "packages/symphony-list-test",
      "link": true
    },
    "node_modules/symphony-paginator": {
      "resolved": "packages/symphony-paginator",
      "link": true
    },
    "node_modules/symphony-paginator-test": {
      "resolved": "packages/symphony-paginator-test",
      "link": true
    },
    "node_modules/symphony-selector": {
      "resolved": "packages/symphony-selector",
      "link": true
    },
    "node_modules/symphony-selector-test": {
      "resolved": "packages/symphony-selector-test",
      "link": true
    },
    "node_modules/symphony-table": {
      "resolved": "packages/symphony-table",
      "link": true
    },
    "node_modules/symphony-table-test": {
      "resolved": "packages/symphony-table-test",
      "link": true
    },
    "node_modules/symphony-visibility": {
      "resolved": "packages/symphony-visibility",
      "link": true
    },
    "node_modules/symphony-visibility-test": {
      "resolved": "packages/symphony-visibility-test",
      "link": true
    },
    "packages_imported/cinematic-live-core/3.1.14": {
      "name": "cinematic-live-core",
      "version": "3.1.14",
      "extraneous": true,
      "devDependencies": {}
    },
    "packages_imported/cinematic-live-core/3.2.1": {
      "version": "3.2.1",
      "extraneous": true,
      "devDependencies": {}
    },
    "packages_imported/cinematic-live-core/3.2.2": {
      "name": "cinematic-live-core",
      "version": "3.2.2",
      "extraneous": true,
      "devDependencies": {}
    },
    "packages_imported/cinematic-live-core/3.2.5": {
      "name": "cinematic-live-core",
      "version": "3.2.5",
      "devDependencies": {}
    },
    "packages_imported/cinematic-live-kollections/3.1.14": {
      "name": "cinematic-live-kollections",
      "version": "3.1.14",
      "extraneous": true,
      "devDependencies": {}
    },
    "packages_imported/cinematic-live-kollections/3.2.1": {
      "version": "3.2.1",
      "extraneous": true,
      "devDependencies": {}
    },
    "packages_imported/cinematic-live-kollections/3.2.2": {
      "name": "cinematic-live-kollections",
      "version": "3.2.2",
      "extraneous": true,
      "devDependencies": {}
    },
    "packages_imported/cinematic-live-kollections/3.2.5": {
      "name": "cinematic-live-kollections",
      "version": "3.2.5",
      "devDependencies": {}
    },
    "packages_imported/cinematic-live-test/3.1.14": {
      "name": "cinematic-live-test",
      "version": "3.1.14",
      "extraneous": true,
      "devDependencies": {}
    },
    "packages_imported/cinematic-live-test/3.2.1": {
      "version": "3.2.1",
      "extraneous": true,
      "devDependencies": {}
    },
    "packages_imported/cinematic-live-test/3.2.2": {
      "name": "cinematic-live-test",
      "version": "3.2.2",
      "extraneous": true,
      "devDependencies": {}
    },
    "packages_imported/cinematic-live-test/3.2.5": {
      "name": "cinematic-live-test",
      "version": "3.2.5",
      "devDependencies": {}
    },
    "packages_imported/cinematic-scene-core/3.1.14": {
      "name": "cinematic-scene-core",
      "version": "3.1.14",
      "extraneous": true,
      "devDependencies": {}
    },
    "packages_imported/cinematic-scene-core/3.2.1": {
      "version": "3.2.1",
      "extraneous": true,
      "devDependencies": {}
    },
    "packages_imported/cinematic-scene-core/3.2.2": {
      "name": "cinematic-scene-core",
      "version": "3.2.2",
      "extraneous": true,
      "devDependencies": {}
    },
    "packages_imported/cinematic-scene-core/3.2.5": {
      "name": "cinematic-scene-core",
      "version": "3.2.5",
      "devDependencies": {}
    },
    "packages_imported/kase-optional/3.1.14": {
      "name": "kase-optional",
      "version": "3.1.14",
      "extraneous": true,
      "devDependencies": {}
    },
    "packages_imported/kase-optional/3.2.1": {
      "version": "3.2.1",
      "extraneous": true,
      "devDependencies": {}
    },
    "packages_imported/kase-optional/3.2.2": {
      "name": "kase-optional",
      "version": "3.2.2",
      "extraneous": true,
      "devDependencies": {}
    },
    "packages_imported/kase-optional/3.2.5": {
      "name": "kase-optional",
      "version": "3.2.5",
      "devDependencies": {}
    },
    "packages_imported/keep-api/3.1.14": {
      "name": "keep-api",
      "version": "3.1.14",
      "extraneous": true,
      "devDependencies": {}
    },
    "packages_imported/keep-api/3.2.1": {
      "version": "3.2.1",
      "extraneous": true,
      "devDependencies": {}
    },
    "packages_imported/keep-api/3.2.2": {
      "name": "keep-api",
      "version": "3.2.2",
      "extraneous": true,
      "devDependencies": {}
    },
    "packages_imported/keep-api/3.2.5": {
      "name": "keep-api",
      "version": "3.2.5",
      "devDependencies": {}
    },
    "packages_imported/keep-mock/3.1.14": {
      "name": "keep-mock",
      "version": "3.1.14",
      "extraneous": true,
      "devDependencies": {}
    },
    "packages_imported/keep-mock/3.2.1": {
      "version": "3.2.1",
      "extraneous": true,
      "devDependencies": {}
    },
    "packages_imported/keep-mock/3.2.2": {
      "name": "keep-mock",
      "version": "3.2.2",
      "extraneous": true,
      "devDependencies": {}
    },
    "packages_imported/keep-mock/3.2.5": {
      "name": "keep-mock",
      "version": "3.2.5",
      "devDependencies": {}
    },
    "packages_imported/kevlar-core/3.1.14": {
      "name": "kevlar-core",
      "version": "3.1.14",
      "extraneous": true,
      "devDependencies": {}
    },
    "packages_imported/kevlar-core/3.2.1": {
      "version": "3.2.1",
      "extraneous": true,
      "devDependencies": {}
    },
    "packages_imported/kevlar-core/3.2.2": {
      "name": "kevlar-core",
      "version": "3.2.2",
      "extraneous": true,
      "devDependencies": {}
    },
    "packages_imported/kevlar-core/3.2.5": {
      "name": "kevlar-core",
      "version": "3.2.5",
      "devDependencies": {}
    },
    "packages_imported/kollections-primitive/3.1.14": {
      "name": "kollections-primitive",
      "version": "3.1.14",
      "extraneous": true,
      "devDependencies": {}
    },
    "packages_imported/kollections-primitive/3.2.1": {
      "version": "3.2.1",
      "extraneous": true,
      "devDependencies": {}
    },
    "packages_imported/kollections-primitive/3.2.2": {
      "name": "kollections-primitive",
      "version": "3.2.2",
      "extraneous": true,
      "devDependencies": {}
    },
    "packages_imported/kollections-primitive/3.2.5": {
      "name": "kollections-primitive",
      "version": "3.2.5",
      "devDependencies": {}
    },
    "packages_imported/kommander-core/3.1.14": {
      "name": "kommander-core",
      "version": "3.1.14",
      "extraneous": true,
      "devDependencies": {}
    },
    "packages_imported/kommander-core/3.2.1": {
      "version": "3.2.1",
      "extraneous": true,
      "devDependencies": {}
    },
    "packages_imported/kommander-core/3.2.2": {
      "name": "kommander-core",
      "version": "3.2.2",
      "extraneous": true,
      "devDependencies": {}
    },
    "packages_imported/kommander-core/3.2.5": {
      "name": "kommander-core",
      "version": "3.2.5",
      "devDependencies": {}
    },
    "packages_imported/kommander-coroutines/3.1.14": {
      "name": "kommander-coroutines",
      "version": "3.1.14",
      "extraneous": true,
      "devDependencies": {}
    },
    "packages_imported/kommander-coroutines/3.2.1": {
      "version": "3.2.1",
      "extraneous": true,
      "devDependencies": {}
    },
    "packages_imported/kommander-coroutines/3.2.2": {
      "name": "kommander-coroutines",
      "version": "3.2.2",
      "extraneous": true,
      "devDependencies": {}
    },
    "packages_imported/kommander-coroutines/3.2.5": {
      "name": "kommander-coroutines",
      "version": "3.2.5",
      "devDependencies": {}
    },
    "packages_imported/koncurrent-later-core/3.1.14": {
      "name": "koncurrent-later-core",
      "version": "3.1.14",
      "extraneous": true,
      "devDependencies": {}
    },
    "packages_imported/koncurrent-later-core/3.2.1": {
      "version": "3.2.1",
      "extraneous": true,
      "devDependencies": {}
    },
    "packages_imported/koncurrent-later-core/3.2.2": {
      "name": "koncurrent-later-core",
      "version": "3.2.2",
      "extraneous": true,
      "devDependencies": {}
    },
    "packages_imported/koncurrent-later-core/3.2.5": {
      "name": "koncurrent-later-core",
      "version": "3.2.5",
      "devDependencies": {}
    },
    "packages_imported/koncurrent-later-coroutines/3.1.14": {
      "name": "koncurrent-later-coroutines",
      "version": "3.1.14",
      "extraneous": true,
      "devDependencies": {}
    },
    "packages_imported/koncurrent-later-coroutines/3.2.1": {
      "version": "3.2.1",
      "extraneous": true,
      "devDependencies": {}
    },
    "packages_imported/koncurrent-later-coroutines/3.2.2": {
      "name": "koncurrent-later-coroutines",
      "version": "3.2.2",
      "extraneous": true,
      "devDependencies": {}
    },
    "packages_imported/koncurrent-later-coroutines/3.2.5": {
      "name": "koncurrent-later-coroutines",
      "version": "3.2.5",
      "devDependencies": {}
    },
    "packages_imported/kotlinx-interoperable-exports/3.1.14": {
      "name": "kotlinx-interoperable-exports",
      "version": "3.1.14",
      "extraneous": true,
      "devDependencies": {}
    },
    "packages_imported/kotlinx-interoperable-exports/3.2.1": {
      "version": "3.2.1",
      "extraneous": true,
      "devDependencies": {}
    },
    "packages_imported/kotlinx-interoperable-exports/3.2.2": {
      "name": "kotlinx-interoperable-exports",
      "version": "3.2.2",
      "extraneous": true,
      "devDependencies": {}
    },
    "packages_imported/kotlinx-interoperable-exports/3.2.5": {
      "name": "kotlinx-interoperable-exports",
      "version": "3.2.5",
      "devDependencies": {}
    },
    "packages_imported/lexi-api/3.1.14": {
      "name": "lexi-api",
      "version": "3.1.14",
      "extraneous": true,
      "devDependencies": {}
    },
    "packages_imported/lexi-api/3.2.1": {
      "version": "3.2.1",
      "extraneous": true,
      "devDependencies": {}
    },
    "packages_imported/lexi-api/3.2.2": {
      "name": "lexi-api",
      "version": "3.2.2",
      "extraneous": true,
      "devDependencies": {}
    },
    "packages_imported/lexi-api/3.2.5": {
      "name": "lexi-api",
      "version": "3.2.5",
      "devDependencies": {}
    },
    "packages_imported/lexi-console/3.1.14": {
      "name": "lexi-console",
      "version": "3.1.14",
      "extraneous": true,
      "devDependencies": {}
    },
    "packages_imported/lexi-console/3.2.1": {
      "version": "3.2.1",
      "extraneous": true,
      "devDependencies": {}
    },
    "packages_imported/lexi-console/3.2.2": {
      "name": "lexi-console",
      "version": "3.2.2",
      "extraneous": true,
      "devDependencies": {}
    },
    "packages_imported/lexi-console/3.2.5": {
      "name": "lexi-console",
      "version": "3.2.5",
      "devDependencies": {}
    },
    "packages_imported/neat-formatting/3.1.14": {
      "name": "neat-formatting",
      "version": "3.1.14",
      "extraneous": true,
      "devDependencies": {}
    },
    "packages_imported/neat-formatting/3.2.1": {
      "version": "3.2.1",
      "extraneous": true,
      "devDependencies": {}
    },
    "packages_imported/neat-formatting/3.2.2": {
      "name": "neat-formatting",
      "version": "3.2.2",
      "extraneous": true,
      "devDependencies": {}
    },
    "packages_imported/neat-formatting/3.2.5": {
      "name": "neat-formatting",
      "version": "3.2.5",
      "devDependencies": {}
    },
    "packages_imported/neat-validation/3.1.14": {
      "name": "neat-validation",
      "version": "3.1.14",
      "extraneous": true,
      "devDependencies": {}
    },
    "packages_imported/neat-validation/3.2.1": {
      "version": "3.2.1",
      "extraneous": true,
      "devDependencies": {}
    },
    "packages_imported/neat-validation/3.2.2": {
      "name": "neat-validation",
      "version": "3.2.2",
      "extraneous": true,
      "devDependencies": {}
    },
    "packages_imported/neat-validation/3.2.5": {
      "name": "neat-validation",
      "version": "3.2.5",
      "devDependencies": {}
    },
    "packages_imported/sim-core/3.1.14": {
      "name": "sim-core",
      "version": "3.1.14",
      "extraneous": true,
      "devDependencies": {}
    },
    "packages_imported/sim-core/3.2.1": {
      "version": "3.2.1",
      "extraneous": true,
      "devDependencies": {}
    },
    "packages_imported/sim-core/3.2.2": {
      "name": "sim-core",
      "version": "3.2.2",
      "extraneous": true,
      "devDependencies": {}
    },
    "packages_imported/sim-core/3.2.5": {
      "name": "sim-core",
      "version": "3.2.5",
      "devDependencies": {}
    },
    "packages/symphony-actions": {
      "version": "3.2.5",
      "devDependencies": {}
    },
    "packages/symphony-actions-test": {
      "version": "3.2.5",
      "devDependencies": {}
    },
    "packages/symphony-collections": {
      "version": "3.2.5",
      "devDependencies": {}
    },
    "packages/symphony-collections-test": {
      "version": "3.2.5",
      "devDependencies": {}
    },
    "packages/symphony-input-choice": {
      "version": "3.2.5",
      "devDependencies": {}
    },
    "packages/symphony-input-choice-test": {
      "version": "3.2.5",
      "devDependencies": {}
    },
    "packages/symphony-input-core": {
      "version": "3.2.5",
      "devDependencies": {}
    },
    "packages/symphony-input-core-test": {
      "version": "3.2.5",
      "devDependencies": {}
    },
    "packages/symphony-input-dialog": {
      "version": "3.2.5",
      "devDependencies": {}
    },
    "packages/symphony-input-dialog-test": {
      "version": "3.2.5",
      "devDependencies": {}
    },
    "packages/symphony-input-finance": {
      "version": "3.2.5",
      "devDependencies": {}
    },
    "packages/symphony-input-finance-test": {
      "version": "3.2.5",
      "devDependencies": {}
    },
    "packages/symphony-input-number": {
      "version": "3.2.5",
      "devDependencies": {}
    },
    "packages/symphony-input-number-test": {
      "version": "3.2.5",
      "devDependencies": {}
    },
    "packages/symphony-input-phone": {
      "version": "3.2.5",
      "devDependencies": {}
    },
    "packages/symphony-input-phone-test": {
      "version": "3.2.5",
      "devDependencies": {}
    },
    "packages/symphony-input-sheet": {
      "version": "3.2.5",
      "devDependencies": {}
    },
    "packages/symphony-input-sheet-test": {
      "version": "3.2.5",
      "devDependencies": {}
    },
    "packages/symphony-input-text": {
      "version": "3.2.5",
      "devDependencies": {}
    },
    "packages/symphony-input-text-test": {
      "version": "3.2.5",
      "devDependencies": {}
    },
    "packages/symphony-list": {
      "version": "3.2.5",
      "devDependencies": {}
    },
    "packages/symphony-list-test": {
      "version": "3.2.5",
      "devDependencies": {}
    },
    "packages/symphony-paginator": {
      "version": "3.2.5",
      "devDependencies": {}
    },
    "packages/symphony-paginator-test": {
      "version": "3.2.5",
      "devDependencies": {}
    },
    "packages/symphony-selector": {
      "version": "3.2.5",
      "devDependencies": {}
    },
    "packages/symphony-selector-test": {
      "version": "3.2.5",
      "devDependencies": {}
    },
    "packages/symphony-table": {
      "version": "3.2.5",
      "devDependencies": {}
    },
    "packages/symphony-table-test": {
      "version": "3.2.5",
      "devDependencies": {}
    },
    "packages/symphony-visibility": {
      "version": "3.2.5",
      "devDependencies": {}
    },
    "packages/symphony-visibility-test": {
      "version": "3.2.5",
      "devDependencies": {}
    }
  }
}
